
Microsoft Visual Studio Solution File, Format Version 12.00
# Visual Studio Version 17
VisualStudioVersion = 17.2.32526.322
MinimumVisualStudioVersion = 10.0.40219.1
Project("{9A19103F-16F7-4668-BE54-9A1E7A4F7556}") = "ThreadingSample", "ThreadingSample\ThreadingSample.csproj", "{5BBA32B1-054E-428A-ABE6-4EFF3699DB94}"
EndProject
Global
	GlobalSection(SolutionConfigurationPlatforms) = preSolution
		Debug|Any CPU = Debug|Any CPU
		Release|Any CPU = Release|Any CPU
	EndGlobalSection
	GlobalSection(ProjectConfigurationPlatforms) = postSolution
		{5BBA32B1-054E-428A-ABE6-4EFF3699DB94}.Debug|Any CPU.ActiveCfg = Debug|Any CPU
		{5BBA32B1-054E-428A-ABE6-4EFF3699DB94}.Debug|Any CPU.Build.0 = Debug|Any CPU
		{5BBA32B1-054E-428A-ABE6-4EFF3699DB94}.Release|Any CPU.ActiveCfg = Release|Any CPU
		{5BBA32B1-054E-428A-ABE6-4EFF3699DB94}.Release|Any CPU.Build.0 = Release|Any CPU
	EndGlobalSection
	GlobalSection(SolutionProperties) = preSolution
		HideSolutionNode = FALSE
	EndGlobalSection
	GlobalSection(ExtensibilityGlobals) = postSolution
		SolutionGuid = {DA68CE9A-3EA3-4780-879A-3933E68FF739}
	EndGlobalSection
EndGlobal
